
Microsoft Visual Studio Solution File, Format Version 12.00
# Visual Studio Version 17
VisualStudioVersion = 17.8.34316.72
MinimumVisualStudioVersion = 10.0.40219.1
Project("{FAE04EC0-301F-11D3-BF4B-00C04F79EFBC}") = "CubeConundrum", "CubeConundrum\CubeConundrum.csproj", "{96AE98F6-F560-460F-A591-FC1C95883619}"
EndProject
Global
	GlobalSection(SolutionConfigurationPlatforms) = preSolution
		Debug|Any CPU = Debug|Any CPU
		Release|Any CPU = Release|Any CPU
	EndGlobalSection
	GlobalSection(ProjectConfigurationPlatforms) = postSolution
		{96AE98F6-F560-460F-A591-FC1C95883619}.Debug|Any CPU.ActiveCfg = Debug|Any CPU
		{96AE98F6-F560-460F-A591-FC1C95883619}.Debug|Any CPU.Build.0 = Debug|Any CPU
		{96AE98F6-F560-460F-A591-FC1C95883619}.Release|Any CPU.ActiveCfg = Release|Any CPU
		{96AE98F6-F560-460F-A591-FC1C95883619}.Release|Any CPU.Build.0 = Release|Any CPU
	EndGlobalSection
	GlobalSection(SolutionProperties) = preSolution
		HideSolutionNode = FALSE
	EndGlobalSection
	GlobalSection(ExtensibilityGlobals) = postSolution
		SolutionGuid = {7F65FA50-1CE5-477E-B26D-85E0D1C72DF1}
	EndGlobalSection
EndGlobal
