
Microsoft Visual Studio Solution File, Format Version 12.00
# Visual Studio Version 17
VisualStudioVersion = 17.8.34511.84
MinimumVisualStudioVersion = 10.0.40219.1
Project("{FAE04EC0-301F-11D3-BF4B-00C04F79EFBC}") = "CamelCards", "CamelCards\CamelCards.csproj", "{121D2BF8-39FD-4D08-A749-00DCE001F623}"
EndProject
Global
	GlobalSection(SolutionConfigurationPlatforms) = preSolution
		Debug|Any CPU = Debug|Any CPU
		Release|Any CPU = Release|Any CPU
	EndGlobalSection
	GlobalSection(ProjectConfigurationPlatforms) = postSolution
		{121D2BF8-39FD-4D08-A749-00DCE001F623}.Debug|Any CPU.ActiveCfg = Debug|Any CPU
		{121D2BF8-39FD-4D08-A749-00DCE001F623}.Debug|Any CPU.Build.0 = Debug|Any CPU
		{121D2BF8-39FD-4D08-A749-00DCE001F623}.Release|Any CPU.ActiveCfg = Release|Any CPU
		{121D2BF8-39FD-4D08-A749-00DCE001F623}.Release|Any CPU.Build.0 = Release|Any CPU
	EndGlobalSection
	GlobalSection(SolutionProperties) = preSolution
		HideSolutionNode = FALSE
	EndGlobalSection
	GlobalSection(ExtensibilityGlobals) = postSolution
		SolutionGuid = {711B2E9E-0FD8-465D-A212-7F36657FD7DB}
	EndGlobalSection
EndGlobal
